
Microsoft Visual Studio Solution File, Format Version 12.00
# Visual Studio 15
Project("{FAE04EC0-301F-11D3-BF4B-00C04F79EFBC}") = "Assembly-CSharp", "Assembly-CSharp.csproj", "{1B4FAB03-AD68-1ACA-0BC5-60932B59346E}"
EndProject
Project("{FAE04EC0-301F-11D3-BF4B-00C04F79EFBC}") = "SimpleInput.Runtime", "SimpleInput.Runtime.csproj", "{3E962D77-3373-FB70-3A46-76331F7BE564}"
EndProject
Project("{FAE04EC0-301F-11D3-BF4B-00C04F79EFBC}") = "Assembly-CSharp-Editor", "Assembly-CSharp-Editor.csproj", "{3DEFC003-535D-8BD1-0F77-C1FA000AAD5E}"
EndProject
Project("{FAE04EC0-301F-11D3-BF4B-00C04F79EFBC}") = "SimpleInput.Editor", "SimpleInput.Editor.csproj", "{27AFC41D-1D03-8FFF-E845-548336A70695}"
EndProject
Global
	GlobalSection(SolutionConfigurationPlatforms) = preSolution
		Debug|Any CPU = Debug|Any CPU
		Release|Any CPU = Release|Any CPU
	EndGlobalSection
	GlobalSection(ProjectConfigurationPlatforms) = postSolution
		{1B4FAB03-AD68-1ACA-0BC5-60932B59346E}.Debug|Any CPU.ActiveCfg = Debug|Any CPU
		{1B4FAB03-AD68-1ACA-0BC5-60932B59346E}.Debug|Any CPU.Build.0 = Debug|Any CPU
		{1B4FAB03-AD68-1ACA-0BC5-60932B59346E}.Release|Any CPU.ActiveCfg = Release|Any CPU
		{1B4FAB03-AD68-1ACA-0BC5-60932B59346E}.Release|Any CPU.Build.0 = Release|Any CPU
		{3E962D77-3373-FB70-3A46-76331F7BE564}.Debug|Any CPU.ActiveCfg = Debug|Any CPU
		{3E962D77-3373-FB70-3A46-76331F7BE564}.Debug|Any CPU.Build.0 = Debug|Any CPU
		{3E962D77-3373-FB70-3A46-76331F7BE564}.Release|Any CPU.ActiveCfg = Release|Any CPU
		{3E962D77-3373-FB70-3A46-76331F7BE564}.Release|Any CPU.Build.0 = Release|Any CPU
		{3DEFC003-535D-8BD1-0F77-C1FA000AAD5E}.Debug|Any CPU.ActiveCfg = Debug|Any CPU
		{3DEFC003-535D-8BD1-0F77-C1FA000AAD5E}.Debug|Any CPU.Build.0 = Debug|Any CPU
		{3DEFC003-535D-8BD1-0F77-C1FA000AAD5E}.Release|Any CPU.ActiveCfg = Release|Any CPU
		{3DEFC003-535D-8BD1-0F77-C1FA000AAD5E}.Release|Any CPU.Build.0 = Release|Any CPU
		{27AFC41D-1D03-8FFF-E845-548336A70695}.Debug|Any CPU.ActiveCfg = Debug|Any CPU
		{27AFC41D-1D03-8FFF-E845-548336A70695}.Debug|Any CPU.Build.0 = Debug|Any CPU
		{27AFC41D-1D03-8FFF-E845-548336A70695}.Release|Any CPU.ActiveCfg = Release|Any CPU
		{27AFC41D-1D03-8FFF-E845-548336A70695}.Release|Any CPU.Build.0 = Release|Any CPU
	EndGlobalSection
	GlobalSection(SolutionProperties) = preSolution
		HideSolutionNode = FALSE
	EndGlobalSection
EndGlobal
